{
    "_readme": [
        "This file locks the dependencies of your project to a known state",
        "Read more about it at https://getcomposer.org/doc/01-basic-usage.md#composer-lock-the-lock-file",
        "This file is @generated automatically"
    ],
    "hash": "6b56aba07df5eeedea67c6e49f718bd4",
    "content-hash": "bc0d9927568e97c936ae484eab249998",
    "packages": [
        {
            "name": "hexmodr/chronicle",
            "version": "dev-master",
            "source": {
                "type": "git",
                "url": "https://github.com/make-it-all/chronicle.git",
                "reference": "2625101154922ccc5c645a95510b3dd592d884a6"
            },
            "dist": {
                "type": "zip",
                "url": "https://api.github.com/repos/make-it-all/chronicle/zipball/2625101154922ccc5c645a95510b3dd592d884a6",
                "reference": "2625101154922ccc5c645a95510b3dd592d884a6",
                "shasum": ""
            },
            "type": "library",
            "autoload": {
                "psr-4": {
                    "Chronicle\\": "src",
                    "Chronicle\\Error\\": "src/Error",
                    "Chronicle\\Connection\\": "src/connection",
                    "Chronicle\\Validators\\": "src/validators",
                    "Chronicle\\Query\\": "src/query",
                    "Chronicle\\Query\\Parts\\": "src/query/parts"
                }
            },
            "authors": [
                {
                    "name": "Henry Morgan",
                    "email": "henry@cd2solutions.co.uk"
                }
            ],
            "description": "Chronicle is a database abstraction system similar to ActiveRecord",
            "support": {
                "source": "https://github.com/make-it-all/chronicle/tree/master",
                "issues": "https://github.com/make-it-all/chronicle/issues"
            },
            "time": "2017-02-20 08:50:43"
        },
        {
            "name": "hexmodr/rack",
            "version": "dev-master",
            "source": {
                "type": "git",
                "url": "https://github.com/make-it-all/rack.git",
                "reference": "ce4d94bae46296d2e25275e8a8da3ea41be22937"
            },
            "dist": {
                "type": "zip",
                "url": "https://api.github.com/repos/make-it-all/rack/zipball/ce4d94bae46296d2e25275e8a8da3ea41be22937",
                "reference": "ce4d94bae46296d2e25275e8a8da3ea41be22937",
                "shasum": ""
            },
            "type": "library",
            "autoload": {
                "files": [
                    "src/Rack.php"
                ],
                "psr-4": {
                    "Rack\\": "src"
                }
            },
            "authors": [
                {
                    "name": "Henry Morgan",
                    "email": "henry@cd2solutions.co.uk"
                }
            ],
            "description": "Rack Server interface for php applications",
            "support": {
                "source": "https://github.com/make-it-all/rack/tree/master",
                "issues": "https://github.com/make-it-all/rack/issues"
            },
            "time": "2017-02-20 07:21:02"
        },
        {
            "name": "make_it_all/system",
            "version": "dev-master",
            "source": {
                "type": "git",
                "url": "https://github.com/make-it-all/system.git",
                "reference": "d05176cc637129cfd5734b56099c2cf99f1db0e1"
            },
            "dist": {
                "type": "zip",
                "url": "https://api.github.com/repos/make-it-all/system/zipball/d05176cc637129cfd5734b56099c2cf99f1db0e1",
                "reference": "d05176cc637129cfd5734b56099c2cf99f1db0e1",
                "shasum": ""
            },
            "require": {
                "hexmodr/chronicle": "dev-master",
                "hexmodr/rack": "dev-master"
            },
            "type": "project",
            "autoload": {
                "files": [
                    "src/Application.php",
                    "src/ControllerBase.php"
                ],
                "psr-4": {
                    "Middleware\\": "src/Middleware",
                    "Application\\Error\\": "src/Error",
                    "Application\\": "src/Application"
                }
            },
            "authors": [
                {
                    "name": "Henry Morgan",
                    "email": "henry@cd2solutions.co.uk"
                }
            ],
            "support": {
                "source": "https://github.com/make-it-all/system/tree/master",
                "issues": "https://github.com/make-it-all/system/issues"
            },
            "time": "2017-02-20 11:36:58"
        }
    ],
    "packages-dev": [],
    "aliases": [],
    "minimum-stability": "stable",
    "stability-flags": {
        "hexmodr/rack": 20,
        "hexmodr/chronicle": 20,
        "make_it_all/system": 20
    },
    "prefer-stable": false,
    "prefer-lowest": false,
    "platform": [],
    "platform-dev": []
}
